
Microsoft Visual Studio Solution File, Format Version 12.00
# Visual Studio Version 17
VisualStudioVersion = 17.4.33103.184
MinimumVisualStudioVersion = 10.0.40219.1
Project("{9A19103F-16F7-4668-BE54-9A1E7A4F7556}") = "XylOS", "XylOS.csproj", "{4C60C06F-F7B6-4520-9090-9470740D78BC}"
EndProject
Global
	GlobalSection(SolutionConfigurationPlatforms) = preSolution
		Debug|Any CPU = Debug|Any CPU
		Release|Any CPU = Release|Any CPU
	EndGlobalSection
	GlobalSection(ProjectConfigurationPlatforms) = postSolution
		{4C60C06F-F7B6-4520-9090-9470740D78BC}.Debug|Any CPU.ActiveCfg = Debug|Any CPU
		{4C60C06F-F7B6-4520-9090-9470740D78BC}.Debug|Any CPU.Build.0 = Debug|Any CPU
		{4C60C06F-F7B6-4520-9090-9470740D78BC}.Release|Any CPU.ActiveCfg = Release|Any CPU
		{4C60C06F-F7B6-4520-9090-9470740D78BC}.Release|Any CPU.Build.0 = Release|Any CPU
	EndGlobalSection
	GlobalSection(SolutionProperties) = preSolution
		HideSolutionNode = FALSE
	EndGlobalSection
	GlobalSection(ExtensibilityGlobals) = postSolution
		SolutionGuid = {102F715E-1BB1-4837-98D9-8D1272B92ABC}
	EndGlobalSection
EndGlobal
